
Microsoft Visual Studio Solution File, Format Version 12.00
# Visual Studio Version 17
VisualStudioVersion = 17.0.31903.59
MinimumVisualStudioVersion = 10.0.40219.1
Project("{2150E333-8FDC-42A3-9474-1A3956D46DE8}") = "src", "src", "{E84D12A1-5F25-4C52-81FC-F41E40228E11}"
EndProject
Project("{2150E333-8FDC-42A3-9474-1A3956D46DE8}") = "shared", "shared", "{0D985F9F-0D18-4970-A35A-560B7C086FC3}"
EndProject
Project("{FAE04EC0-301F-11D3-BF4B-00C04F79EFBC}") = "Beacon.Abstractions", "src\shared\Beacon.Abstractions\Beacon.Abstractions.csproj", "{786737B0-8E46-47C1-8221-2CF46C2788D1}"
EndProject
Project("{FAE04EC0-301F-11D3-BF4B-00C04F79EFBC}") = "Beacon.Protocol", "src\shared\Beacon.Protocol\Beacon.Protocol.csproj", "{5D7A4BAC-BFAF-4262-86D8-5EDED1C84E50}"
EndProject
Project("{2150E333-8FDC-42A3-9474-1A3956D46DE8}") = "server", "server", "{86C2E28F-F5CF-45AD-83AC-8A7F3789B11C}"
EndProject
Project("{FAE04EC0-301F-11D3-BF4B-00C04F79EFBC}") = "Beacon.SourceQuery", "src\server\Beacon.SourceQuery\Beacon.SourceQuery.csproj", "{F166F003-59C1-4423-84A8-2CA3AE13FBF3}"
EndProject
Project("{FAE04EC0-301F-11D3-BF4B-00C04F79EFBC}") = "Beacon.Rcon", "src\server\Beacon.Rcon\Beacon.Rcon.csproj", "{A04F7EE2-2381-4FF0-BA9B-D0AD2FFB1D66}"
EndProject
Project("{FAE04EC0-301F-11D3-BF4B-00C04F79EFBC}") = "Beacon.Persistence", "src\server\Beacon.Persistence\Beacon.Persistence.csproj", "{D3DB9B86-5CB3-459E-A104-0570141A8257}"
EndProject
Project("{FAE04EC0-301F-11D3-BF4B-00C04F79EFBC}") = "BeaconServer", "src\server\BeaconServer\BeaconServer.csproj", "{1C8F4847-E32D-4F9E-B14E-298F8817D627}"
EndProject
Project("{2150E333-8FDC-42A3-9474-1A3956D46DE8}") = "tests", "tests", "{23341456-8600-4234-879B-707690737A0D}"
EndProject
Project("{FAE04EC0-301F-11D3-BF4B-00C04F79EFBC}") = "Beacon.Protocol.Tests", "tests\Beacon.Protocol.Tests\Beacon.Protocol.Tests.csproj", "{C2CF345A-8D9C-4B13-A6CF-29265A8F24C0}"
EndProject
Project("{FAE04EC0-301F-11D3-BF4B-00C04F79EFBC}") = "BeaconServer.Tests", "tests\BeaconServer.Tests\BeaconServer.Tests.csproj", "{E90C311D-AFE8-43A3-A392-D4730AF48BED}"
EndProject
Project("{FAE04EC0-301F-11D3-BF4B-00C04F79EFBC}") = "Beacon.Integration.Tests", "tests\Beacon.Integration.Tests\Beacon.Integration.Tests.csproj", "{751D9015-33FD-4088-A42D-830D5254AE94}"
EndProject
Global
	GlobalSection(SolutionConfigurationPlatforms) = preSolution
		Debug|Any CPU = Debug|Any CPU
		Release|Any CPU = Release|Any CPU
	EndGlobalSection
	GlobalSection(SolutionProperties) = preSolution
		HideSolutionNode = FALSE
	EndGlobalSection
	GlobalSection(ProjectConfigurationPlatforms) = postSolution
		{786737B0-8E46-47C1-8221-2CF46C2788D1}.Debug|Any CPU.ActiveCfg = Debug|Any CPU
		{786737B0-8E46-47C1-8221-2CF46C2788D1}.Debug|Any CPU.Build.0 = Debug|Any CPU
		{786737B0-8E46-47C1-8221-2CF46C2788D1}.Release|Any CPU.ActiveCfg = Release|Any CPU
		{786737B0-8E46-47C1-8221-2CF46C2788D1}.Release|Any CPU.Build.0 = Release|Any CPU
		{5D7A4BAC-BFAF-4262-86D8-5EDED1C84E50}.Debug|Any CPU.ActiveCfg = Debug|Any CPU
		{5D7A4BAC-BFAF-4262-86D8-5EDED1C84E50}.Debug|Any CPU.Build.0 = Debug|Any CPU
		{5D7A4BAC-BFAF-4262-86D8-5EDED1C84E50}.Release|Any CPU.ActiveCfg = Release|Any CPU
		{5D7A4BAC-BFAF-4262-86D8-5EDED1C84E50}.Release|Any CPU.Build.0 = Release|Any CPU
		{F166F003-59C1-4423-84A8-2CA3AE13FBF3}.Debug|Any CPU.ActiveCfg = Debug|Any CPU
		{F166F003-59C1-4423-84A8-2CA3AE13FBF3}.Debug|Any CPU.Build.0 = Debug|Any CPU
		{F166F003-59C1-4423-84A8-2CA3AE13FBF3}.Release|Any CPU.ActiveCfg = Release|Any CPU
		{F166F003-59C1-4423-84A8-2CA3AE13FBF3}.Release|Any CPU.Build.0 = Release|Any CPU
		{A04F7EE2-2381-4FF0-BA9B-D0AD2FFB1D66}.Debug|Any CPU.ActiveCfg = Debug|Any CPU
		{A04F7EE2-2381-4FF0-BA9B-D0AD2FFB1D66}.Debug|Any CPU.Build.0 = Debug|Any CPU
		{A04F7EE2-2381-4FF0-BA9B-D0AD2FFB1D66}.Release|Any CPU.ActiveCfg = Release|Any CPU
		{A04F7EE2-2381-4FF0-BA9B-D0AD2FFB1D66}.Release|Any CPU.Build.0 = Release|Any CPU
		{D3DB9B86-5CB3-459E-A104-0570141A8257}.Debug|Any CPU.ActiveCfg = Debug|Any CPU
		{D3DB9B86-5CB3-459E-A104-0570141A8257}.Debug|Any CPU.Build.0 = Debug|Any CPU
		{D3DB9B86-5CB3-459E-A104-0570141A8257}.Release|Any CPU.ActiveCfg = Release|Any CPU
		{D3DB9B86-5CB3-459E-A104-0570141A8257}.Release|Any CPU.Build.0 = Release|Any CPU
		{1C8F4847-E32D-4F9E-B14E-298F8817D627}.Debug|Any CPU.ActiveCfg = Debug|Any CPU
		{1C8F4847-E32D-4F9E-B14E-298F8817D627}.Debug|Any CPU.Build.0 = Debug|Any CPU
		{1C8F4847-E32D-4F9E-B14E-298F8817D627}.Release|Any CPU.ActiveCfg = Release|Any CPU
		{1C8F4847-E32D-4F9E-B14E-298F8817D627}.Release|Any CPU.Build.0 = Release|Any CPU
		{C2CF345A-8D9C-4B13-A6CF-29265A8F24C0}.Debug|Any CPU.ActiveCfg = Debug|Any CPU
		{C2CF345A-8D9C-4B13-A6CF-29265A8F24C0}.Debug|Any CPU.Build.0 = Debug|Any CPU
		{C2CF345A-8D9C-4B13-A6CF-29265A8F24C0}.Release|Any CPU.ActiveCfg = Release|Any CPU
		{C2CF345A-8D9C-4B13-A6CF-29265A8F24C0}.Release|Any CPU.Build.0 = Release|Any CPU
		{E90C311D-AFE8-43A3-A392-D4730AF48BED}.Debug|Any CPU.ActiveCfg = Debug|Any CPU
		{E90C311D-AFE8-43A3-A392-D4730AF48BED}.Debug|Any CPU.Build.0 = Debug|Any CPU
		{E90C311D-AFE8-43A3-A392-D4730AF48BED}.Release|Any CPU.ActiveCfg = Release|Any CPU
		{E90C311D-AFE8-43A3-A392-D4730AF48BED}.Release|Any CPU.Build.0 = Release|Any CPU
		{751D9015-33FD-4088-A42D-830D5254AE94}.Debug|Any CPU.ActiveCfg = Debug|Any CPU
		{751D9015-33FD-4088-A42D-830D5254AE94}.Debug|Any CPU.Build.0 = Debug|Any CPU
		{751D9015-33FD-4088-A42D-830D5254AE94}.Release|Any CPU.ActiveCfg = Release|Any CPU
		{751D9015-33FD-4088-A42D-830D5254AE94}.Release|Any CPU.Build.0 = Release|Any CPU
	EndGlobalSection
	GlobalSection(NestedProjects) = preSolution
		{0D985F9F-0D18-4970-A35A-560B7C086FC3} = {E84D12A1-5F25-4C52-81FC-F41E40228E11}
		{786737B0-8E46-47C1-8221-2CF46C2788D1} = {0D985F9F-0D18-4970-A35A-560B7C086FC3}
		{5D7A4BAC-BFAF-4262-86D8-5EDED1C84E50} = {0D985F9F-0D18-4970-A35A-560B7C086FC3}
		{86C2E28F-F5CF-45AD-83AC-8A7F3789B11C} = {E84D12A1-5F25-4C52-81FC-F41E40228E11}
		{F166F003-59C1-4423-84A8-2CA3AE13FBF3} = {86C2E28F-F5CF-45AD-83AC-8A7F3789B11C}
		{A04F7EE2-2381-4FF0-BA9B-D0AD2FFB1D66} = {86C2E28F-F5CF-45AD-83AC-8A7F3789B11C}
		{D3DB9B86-5CB3-459E-A104-0570141A8257} = {86C2E28F-F5CF-45AD-83AC-8A7F3789B11C}
		{1C8F4847-E32D-4F9E-B14E-298F8817D627} = {86C2E28F-F5CF-45AD-83AC-8A7F3789B11C}
		{C2CF345A-8D9C-4B13-A6CF-29265A8F24C0} = {23341456-8600-4234-879B-707690737A0D}
		{E90C311D-AFE8-43A3-A392-D4730AF48BED} = {23341456-8600-4234-879B-707690737A0D}
		{751D9015-33FD-4088-A42D-830D5254AE94} = {23341456-8600-4234-879B-707690737A0D}
	EndGlobalSection
EndGlobal
